
Microsoft Visual Studio Solution File, Format Version 12.00
# Visual Studio Version 17
VisualStudioVersion = 17.6.33801.468
MinimumVisualStudioVersion = 10.0.40219.1
Project("{9A19103F-16F7-4668-BE54-9A1E7A4F7556}") = "PusulaCCProject.WebUI", "PusulaCCProject.WebUI\PusulaCCProject.WebUI.csproj", "{6BC6AD1D-0891-4F73-AFB0-018E15EE801D}"
EndProject
Global
	GlobalSection(SolutionConfigurationPlatforms) = preSolution
		Debug|Any CPU = Debug|Any CPU
		Release|Any CPU = Release|Any CPU
	EndGlobalSection
	GlobalSection(ProjectConfigurationPlatforms) = postSolution
		{6BC6AD1D-0891-4F73-AFB0-018E15EE801D}.Debug|Any CPU.ActiveCfg = Debug|Any CPU
		{6BC6AD1D-0891-4F73-AFB0-018E15EE801D}.Debug|Any CPU.Build.0 = Debug|Any CPU
		{6BC6AD1D-0891-4F73-AFB0-018E15EE801D}.Release|Any CPU.ActiveCfg = Release|Any CPU
		{6BC6AD1D-0891-4F73-AFB0-018E15EE801D}.Release|Any CPU.Build.0 = Release|Any CPU
	EndGlobalSection
	GlobalSection(SolutionProperties) = preSolution
		HideSolutionNode = FALSE
	EndGlobalSection
	GlobalSection(ExtensibilityGlobals) = postSolution
		SolutionGuid = {0B003C47-51EE-49B2-887D-79482F78A951}
	EndGlobalSection
EndGlobal
